
Microsoft Visual Studio Solution File, Format Version 12.00
# Visual Studio Version 17
VisualStudioVersion = 17.0.31903.59
MinimumVisualStudioVersion = 10.0.40219.1
Project("{2150E333-8FDC-42A3-9474-1A3956D46DE8}") = "Backend", "Backend", "{1AE8ACA6-933B-BF2A-3671-3E2EAC007D16}"
EndProject
Project("{2150E333-8FDC-42A3-9474-1A3956D46DE8}") = "Services", "Services", "{3C755975-A7BD-44BC-C8F9-5B13F14529BF}"
EndProject
Project("{FAE04EC0-301F-11D3-BF4B-00C04F79EFBC}") = "RotasCriptografadas.RouteEncryption", "Backend\Services\RotasCriptografadas.RouteEncryption\RotasCriptografadas.RouteEncryption.csproj", "{DD155C62-CFB9-4DB6-97CF-17AD1D5090C7}"
EndProject
Project("{2150E333-8FDC-42A3-9474-1A3956D46DE8}") = "Microservices", "Microservices", "{2EC6BDAF-7F15-0916-A77B-73B76639A29E}"
EndProject
Project("{FAE04EC0-301F-11D3-BF4B-00C04F79EFBC}") = "RotasCriptografadas.Api", "Backend\Microservices\RotasCriptografadas.Api\RotasCriptografadas.Api.csproj", "{3955AF78-C77F-431F-ABB0-4F87015BAFBE}"
EndProject
Global
	GlobalSection(SolutionConfigurationPlatforms) = preSolution
		Debug|Any CPU = Debug|Any CPU
		Debug|x64 = Debug|x64
		Debug|x86 = Debug|x86
		Release|Any CPU = Release|Any CPU
		Release|x64 = Release|x64
		Release|x86 = Release|x86
	EndGlobalSection
	GlobalSection(ProjectConfigurationPlatforms) = postSolution
		{DD155C62-CFB9-4DB6-97CF-17AD1D5090C7}.Debug|Any CPU.ActiveCfg = Debug|Any CPU
		{DD155C62-CFB9-4DB6-97CF-17AD1D5090C7}.Debug|Any CPU.Build.0 = Debug|Any CPU
		{DD155C62-CFB9-4DB6-97CF-17AD1D5090C7}.Debug|x64.ActiveCfg = Debug|Any CPU
		{DD155C62-CFB9-4DB6-97CF-17AD1D5090C7}.Debug|x64.Build.0 = Debug|Any CPU
		{DD155C62-CFB9-4DB6-97CF-17AD1D5090C7}.Debug|x86.ActiveCfg = Debug|Any CPU
		{DD155C62-CFB9-4DB6-97CF-17AD1D5090C7}.Debug|x86.Build.0 = Debug|Any CPU
		{DD155C62-CFB9-4DB6-97CF-17AD1D5090C7}.Release|Any CPU.ActiveCfg = Release|Any CPU
		{DD155C62-CFB9-4DB6-97CF-17AD1D5090C7}.Release|Any CPU.Build.0 = Release|Any CPU
		{DD155C62-CFB9-4DB6-97CF-17AD1D5090C7}.Release|x64.ActiveCfg = Release|Any CPU
		{DD155C62-CFB9-4DB6-97CF-17AD1D5090C7}.Release|x64.Build.0 = Release|Any CPU
		{DD155C62-CFB9-4DB6-97CF-17AD1D5090C7}.Release|x86.ActiveCfg = Release|Any CPU
		{DD155C62-CFB9-4DB6-97CF-17AD1D5090C7}.Release|x86.Build.0 = Release|Any CPU
		{3955AF78-C77F-431F-ABB0-4F87015BAFBE}.Debug|Any CPU.ActiveCfg = Debug|Any CPU
		{3955AF78-C77F-431F-ABB0-4F87015BAFBE}.Debug|Any CPU.Build.0 = Debug|Any CPU
		{3955AF78-C77F-431F-ABB0-4F87015BAFBE}.Debug|x64.ActiveCfg = Debug|Any CPU
		{3955AF78-C77F-431F-ABB0-4F87015BAFBE}.Debug|x64.Build.0 = Debug|Any CPU
		{3955AF78-C77F-431F-ABB0-4F87015BAFBE}.Debug|x86.ActiveCfg = Debug|Any CPU
		{3955AF78-C77F-431F-ABB0-4F87015BAFBE}.Debug|x86.Build.0 = Debug|Any CPU
		{3955AF78-C77F-431F-ABB0-4F87015BAFBE}.Release|Any CPU.ActiveCfg = Release|Any CPU
		{3955AF78-C77F-431F-ABB0-4F87015BAFBE}.Release|Any CPU.Build.0 = Release|Any CPU
		{3955AF78-C77F-431F-ABB0-4F87015BAFBE}.Release|x64.ActiveCfg = Release|Any CPU
		{3955AF78-C77F-431F-ABB0-4F87015BAFBE}.Release|x64.Build.0 = Release|Any CPU
		{3955AF78-C77F-431F-ABB0-4F87015BAFBE}.Release|x86.ActiveCfg = Release|Any CPU
		{3955AF78-C77F-431F-ABB0-4F87015BAFBE}.Release|x86.Build.0 = Release|Any CPU
	EndGlobalSection
	GlobalSection(SolutionProperties) = preSolution
		HideSolutionNode = FALSE
	EndGlobalSection
	GlobalSection(NestedProjects) = preSolution
		{3C755975-A7BD-44BC-C8F9-5B13F14529BF} = {1AE8ACA6-933B-BF2A-3671-3E2EAC007D16}
		{DD155C62-CFB9-4DB6-97CF-17AD1D5090C7} = {3C755975-A7BD-44BC-C8F9-5B13F14529BF}
		{2EC6BDAF-7F15-0916-A77B-73B76639A29E} = {1AE8ACA6-933B-BF2A-3671-3E2EAC007D16}
		{3955AF78-C77F-431F-ABB0-4F87015BAFBE} = {2EC6BDAF-7F15-0916-A77B-73B76639A29E}
	EndGlobalSection
EndGlobal
